// !$*UTF8*$!
{
	archiveVersion = 1;
	classes = {
	};
	objectVersion = 56;
	objects = {

/* Begin PBXBuildFile section */
		6822C0662C75CEC6001C6172 /* MkodoTechTestApp.swift in Sources */ = {isa = PBXBuildFile; fileRef = 6822C0652C75CEC6001C6172 /* MkodoTechTestApp.swift */; };
		6822C06A2C75CEC8001C6172 /* Assets.xcassets in Resources */ = {isa = PBXBuildFile; fileRef = 6822C0692C75CEC8001C6172 /* Assets.xcassets */; };
		6822C06D2C75CEC8001C6172 /* Preview Assets.xcassets in Resources */ = {isa = PBXBuildFile; fileRef = 6822C06C2C75CEC8001C6172 /* Preview Assets.xcassets */; };
		6822C07E2C75D285001C6172 /* LotteryDrawsListView.swift in Sources */ = {isa = PBXBuildFile; fileRef = 6822C07D2C75D285001C6172 /* LotteryDrawsListView.swift */; };
		6822C0802C75D317001C6172 /* LotteryService.swift in Sources */ = {isa = PBXBuildFile; fileRef = 6822C07F2C75D317001C6172 /* LotteryService.swift */; };
		6822C0822C75D342001C6172 /* Draw.swift in Sources */ = {isa = PBXBuildFile; fileRef = 6822C0812C75D342001C6172 /* Draw.swift */; };
		6822C0852C75D469001C6172 /* lotteryDraws.json in Resources */ = {isa = PBXBuildFile; fileRef = 6822C0842C75D469001C6172 /* lotteryDraws.json */; };
		6822C0892C75D540001C6172 /* LotteryDrawError.swift in Sources */ = {isa = PBXBuildFile; fileRef = 6822C0882C75D540001C6172 /* LotteryDrawError.swift */; };
		6822C08B2C75D6FD001C6172 /* LotteryDraw.swift in Sources */ = {isa = PBXBuildFile; fileRef = 6822C08A2C75D6FD001C6172 /* LotteryDraw.swift */; };
		6822C08E2C75D7AA001C6172 /* Array+Ext.swift in Sources */ = {isa = PBXBuildFile; fileRef = 6822C08D2C75D7AA001C6172 /* Array+Ext.swift */; };
		6822C0902C75D86D001C6172 /* LotteryDrawsViewModel.swift in Sources */ = {isa = PBXBuildFile; fileRef = 6822C08F2C75D86D001C6172 /* LotteryDrawsViewModel.swift */; };
		6822C0942C75DC97001C6172 /* LotteryDrawView.swift in Sources */ = {isa = PBXBuildFile; fileRef = 6822C0932C75DC97001C6172 /* LotteryDrawView.swift */; };
		6822C0962C75DE90001C6172 /* Background.swift in Sources */ = {isa = PBXBuildFile; fileRef = 6822C0952C75DE90001C6172 /* Background.swift */; };
		6822C0982C75E44B001C6172 /* LotteryDrawDetailView.swift in Sources */ = {isa = PBXBuildFile; fileRef = 6822C0972C75E44B001C6172 /* LotteryDrawDetailView.swift */; };
		6822C09A2C75ECDA001C6172 /* InfoView.swift in Sources */ = {isa = PBXBuildFile; fileRef = 6822C0992C75ECDA001C6172 /* InfoView.swift */; };
/* End PBXBuildFile section */

/* Begin PBXFileReference section */
		6822C0622C75CEC6001C6172 /* MkodoTechTest.app */ = {isa = PBXFileReference; explicitFileType = wrapper.application; includeInIndex = 0; path = MkodoTechTest.app; sourceTree = BUILT_PRODUCTS_DIR; };
		6822C0652C75CEC6001C6172 /* MkodoTechTestApp.swift */ = {isa = PBXFileReference; lastKnownFileType = sourcecode.swift; path = MkodoTechTestApp.swift; sourceTree = "<group>"; };
		6822C0692C75CEC8001C6172 /* Assets.xcassets */ = {isa = PBXFileReference; lastKnownFileType = folder.assetcatalog; path = Assets.xcassets; sourceTree = "<group>"; };
		6822C06C2C75CEC8001C6172 /* Preview Assets.xcassets */ = {isa = PBXFileReference; lastKnownFileType = folder.assetcatalog; path = "Preview Assets.xcassets"; sourceTree = "<group>"; };
		6822C07D2C75D285001C6172 /* LotteryDrawsListView.swift */ = {isa = PBXFileReference; lastKnownFileType = sourcecode.swift; name = LotteryDrawsListView.swift; path = ../../../../../../MKodoTechTest/MkodoTechTest/MkodoTechTest/Features/LotteryDraws/Views/LotteryDrawsListView.swift; sourceTree = "<group>"; };
		6822C07F2C75D317001C6172 /* LotteryService.swift */ = {isa = PBXFileReference; lastKnownFileType = sourcecode.swift; name = LotteryService.swift; path = ../../../../../../MKodoTechTest/MkodoTechTest/MkodoTechTest/Features/LotteryDraws/Services/LotteryService.swift; sourceTree = "<group>"; };
		6822C0812C75D342001C6172 /* Draw.swift */ = {isa = PBXFileReference; lastKnownFileType = sourcecode.swift; name = Draw.swift; path = ../../../../../../MKodoTechTest/MkodoTechTest/MkodoTechTest/Features/LotteryDraws/Models/Draw.swift; sourceTree = "<group>"; };
		6822C0842C75D469001C6172 /* lotteryDraws.json */ = {isa = PBXFileReference; lastKnownFileType = text.json; name = lotteryDraws.json; path = ../../../../../MKodoTechTest/MkodoTechTest/MkodoTechTest/Resources/JSON/lotteryDraws.json; sourceTree = "<group>"; };
		6822C0882C75D540001C6172 /* LotteryDrawError.swift */ = {isa = PBXFileReference; lastKnownFileType = sourcecode.swift; name = LotteryDrawError.swift; path = ../../../../../MKodoTechTest/MkodoTechTest/MkodoTechTest/Common/ErrorHandling/LotteryDrawError.swift; sourceTree = "<group>"; };
		6822C08A2C75D6FD001C6172 /* LotteryDraw.swift */ = {isa = PBXFileReference; lastKnownFileType = sourcecode.swift; name = LotteryDraw.swift; path = ../../../../../../MKodoTechTest/MkodoTechTest/MkodoTechTest/Features/LotteryDraws/Models/LotteryDraw.swift; sourceTree = "<group>"; };
		6822C08D2C75D7AA001C6172 /* Array+Ext.swift */ = {isa = PBXFileReference; lastKnownFileType = sourcecode.swift; name = "Array+Ext.swift"; path = "../../../../../MKodoTechTest/MkodoTechTest/MkodoTechTest/Common/Extensions/Array+Ext.swift"; sourceTree = "<group>"; };
		6822C08F2C75D86D001C6172 /* LotteryDrawsViewModel.swift */ = {isa = PBXFileReference; lastKnownFileType = sourcecode.swift; name = LotteryDrawsViewModel.swift; path = ../../../../../../MKodoTechTest/MkodoTechTest/MkodoTechTest/Features/LotteryDraws/ViewModels/LotteryDrawsViewModel.swift; sourceTree = "<group>"; };
		6822C0932C75DC97001C6172 /* LotteryDrawView.swift */ = {isa = PBXFileReference; lastKnownFileType = sourcecode.swift; name = LotteryDrawView.swift; path = ../../../../../../MKodoTechTest/MkodoTechTest/MkodoTechTest/Features/LotteryDraws/Views/LotteryDrawView.swift; sourceTree = "<group>"; };
		6822C0952C75DE90001C6172 /* Background.swift */ = {isa = PBXFileReference; lastKnownFileType = sourcecode.swift; name = Background.swift; path = ../../../../../../MKodoTechTest/MkodoTechTest/MkodoTechTest/Features/LotteryDraws/Views/Background.swift; sourceTree = "<group>"; };
		6822C0972C75E44B001C6172 /* LotteryDrawDetailView.swift */ = {isa = PBXFileReference; lastKnownFileType = sourcecode.swift; name = LotteryDrawDetailView.swift; path = ../../../../../../MKodoTechTest/MkodoTechTest/MkodoTechTest/Features/LotteryDraws/Views/LotteryDrawDetailView.swift; sourceTree = "<group>"; };
		6822C0992C75ECDA001C6172 /* InfoView.swift */ = {isa = PBXFileReference; lastKnownFileType = sourcecode.swift; name = InfoView.swift; path = ../../../../../../MKodoTechTest/MkodoTechTest/MkodoTechTest/Features/LotteryDraws/Views/InfoView.swift; sourceTree = "<group>"; };
/* End PBXFileReference section */

/* Begin PBXFrameworksBuildPhase section */
		6822C05F2C75CEC6001C6172 /* Frameworks */ = {
			isa = PBXFrameworksBuildPhase;
			buildActionMask = 2147483647;
			files = (
			);
			runOnlyForDeploymentPostprocessing = 0;
		};
/* End PBXFrameworksBuildPhase section */

/* Begin PBXGroup section */
		6822C0592C75CEC6001C6172 = {
			isa = PBXGroup;
			children = (
				6822C0642C75CEC6001C6172 /* MkodoTechTest */,
				6822C0632C75CEC6001C6172 /* Products */,
			);
			sourceTree = "<group>";
		};
		6822C0632C75CEC6001C6172 /* Products */ = {
			isa = PBXGroup;
			children = (
				6822C0622C75CEC6001C6172 /* MkodoTechTest.app */,
			);
			name = Products;
			sourceTree = "<group>";
		};
		6822C0642C75CEC6001C6172 /* MkodoTechTest */ = {
			isa = PBXGroup;
			children = (
				6822C0732C75D1F8001C6172 /* App */,
				6822C0752C75D215001C6172 /* Features */,
				6822C0862C75D512001C6172 /* Common */,
				6822C0742C75D200001C6172 /* Resources */,
				6822C06B2C75CEC8001C6172 /* Preview Content */,
			);
			path = MkodoTechTest;
			sourceTree = "<group>";
		};
		6822C06B2C75CEC8001C6172 /* Preview Content */ = {
			isa = PBXGroup;
			children = (
				6822C06C2C75CEC8001C6172 /* Preview Assets.xcassets */,
			);
			path = "Preview Content";
			sourceTree = "<group>";
		};
		6822C0732C75D1F8001C6172 /* App */ = {
			isa = PBXGroup;
			children = (
				6822C0652C75CEC6001C6172 /* MkodoTechTestApp.swift */,
			);
			path = App;
			sourceTree = "<group>";
		};
		6822C0742C75D200001C6172 /* Resources */ = {
			isa = PBXGroup;
			children = (
				6822C0832C75D43F001C6172 /* JSON */,
				6822C0692C75CEC8001C6172 /* Assets.xcassets */,
			);
			path = Resources;
			sourceTree = "<group>";
		};
		6822C0752C75D215001C6172 /* Features */ = {
			isa = PBXGroup;
			children = (
				6822C0762C75D21F001C6172 /* LotteryDraws */,
			);
			path = Features;
			sourceTree = "<group>";
		};
		6822C0762C75D21F001C6172 /* LotteryDraws */ = {
			isa = PBXGroup;
			children = (
				6822C0792C75D23E001C6172 /* Models */,
				6822C0782C75D238001C6172 /* Views */,
				6822C0772C75D22F001C6172 /* ViewModels */,
				6822C07A2C75D248001C6172 /* Services */,
			);
			path = LotteryDraws;
			sourceTree = "<group>";
		};
		6822C0772C75D22F001C6172 /* ViewModels */ = {
			isa = PBXGroup;
			children = (
				6822C08F2C75D86D001C6172 /* LotteryDrawsViewModel.swift */,
			);
			path = ViewModels;
			sourceTree = "<group>";
		};
		6822C0782C75D238001C6172 /* Views */ = {
			isa = PBXGroup;
			children = (
				6822C07D2C75D285001C6172 /* LotteryDrawsListView.swift */,
				6822C0932C75DC97001C6172 /* LotteryDrawView.swift */,
				6822C0972C75E44B001C6172 /* LotteryDrawDetailView.swift */,
				6822C0952C75DE90001C6172 /* Background.swift */,
				6822C0992C75ECDA001C6172 /* InfoView.swift */,
			);
			path = Views;
			sourceTree = "<group>";
		};
		6822C0792C75D23E001C6172 /* Models */ = {
			isa = PBXGroup;
			children = (
				6822C0812C75D342001C6172 /* Draw.swift */,
				6822C08A2C75D6FD001C6172 /* LotteryDraw.swift */,
			);
			path = Models;
			sourceTree = "<group>";
		};
		6822C07A2C75D248001C6172 /* Services */ = {
			isa = PBXGroup;
			children = (
				6822C07F2C75D317001C6172 /* LotteryService.swift */,
			);
			path = Services;
			sourceTree = "<group>";
		};
		6822C0832C75D43F001C6172 /* JSON */ = {
			isa = PBXGroup;
			children = (
				6822C0842C75D469001C6172 /* lotteryDraws.json */,
			);
			path = JSON;
			sourceTree = "<group>";
		};
		6822C0862C75D512001C6172 /* Common */ = {
			isa = PBXGroup;
			children = (
				6822C08C2C75D77F001C6172 /* Extensions */,
				6822C0872C75D528001C6172 /* ErrorHandling */,
			);
			path = Common;
			sourceTree = "<group>";
		};
		6822C0872C75D528001C6172 /* ErrorHandling */ = {
			isa = PBXGroup;
			children = (
				6822C0882C75D540001C6172 /* LotteryDrawError.swift */,
			);
			path = ErrorHandling;
			sourceTree = "<group>";
		};
		6822C08C2C75D77F001C6172 /* Extensions */ = {
			isa = PBXGroup;
			children = (
				6822C08D2C75D7AA001C6172 /* Array+Ext.swift */,
			);
			path = Extensions;
			sourceTree = "<group>";
		};
/* End PBXGroup section */

/* Begin PBXNativeTarget section */
		6822C0612C75CEC6001C6172 /* MkodoTechTest */ = {
			isa = PBXNativeTarget;
			buildConfigurationList = 6822C0702C75CEC8001C6172 /* Build configuration list for PBXNativeTarget "MkodoTechTest" */;
			buildPhases = (
				6822C05E2C75CEC6001C6172 /* Sources */,
				6822C05F2C75CEC6001C6172 /* Frameworks */,
				6822C0602C75CEC6001C6172 /* Resources */,
			);
			buildRules = (
			);
			dependencies = (
			);
			name = MkodoTechTest;
			productName = MkodoTechTest;
			productReference = 6822C0622C75CEC6001C6172 /* MkodoTechTest.app */;
			productType = "com.apple.product-type.application";
		};
/* End PBXNativeTarget section */

/* Begin PBXProject section */
		6822C05A2C75CEC6001C6172 /* Project object */ = {
			isa = PBXProject;
			attributes = {
				BuildIndependentTargetsInParallel = 1;
				LastSwiftUpdateCheck = 1520;
				LastUpgradeCheck = 1520;
				TargetAttributes = {
					6822C0612C75CEC6001C6172 = {
						CreatedOnToolsVersion = 15.2;
					};
				};
			};
			buildConfigurationList = 6822C05D2C75CEC6001C6172 /* Build configuration list for PBXProject "MkodoTechTest" */;
			compatibilityVersion = "Xcode 14.0";
			developmentRegion = en;
			hasScannedForEncodings = 0;
			knownRegions = (
				en,
				Base,
			);
			mainGroup = 6822C0592C75CEC6001C6172;
			productRefGroup = 6822C0632C75CEC6001C6172 /* Products */;
			projectDirPath = "";
			projectRoot = "";
			targets = (
				6822C0612C75CEC6001C6172 /* MkodoTechTest */,
			);
		};
/* End PBXProject section */

/* Begin PBXResourcesBuildPhase section */
		6822C0602C75CEC6001C6172 /* Resources */ = {
			isa = PBXResourcesBuildPhase;
			buildActionMask = 2147483647;
			files = (
				6822C0852C75D469001C6172 /* lotteryDraws.json in Resources */,
				6822C06D2C75CEC8001C6172 /* Preview Assets.xcassets in Resources */,
				6822C06A2C75CEC8001C6172 /* Assets.xcassets in Resources */,
			);
			runOnlyForDeploymentPostprocessing = 0;
		};
/* End PBXResourcesBuildPhase section */

/* Begin PBXSourcesBuildPhase section */
		6822C05E2C75CEC6001C6172 /* Sources */ = {
			isa = PBXSourcesBuildPhase;
			buildActionMask = 2147483647;
			files = (
				6822C08E2C75D7AA001C6172 /* Array+Ext.swift in Sources */,
				6822C0662C75CEC6001C6172 /* MkodoTechTestApp.swift in Sources */,
				6822C0902C75D86D001C6172 /* LotteryDrawsViewModel.swift in Sources */,
				6822C0942C75DC97001C6172 /* LotteryDrawView.swift in Sources */,
				6822C09A2C75ECDA001C6172 /* InfoView.swift in Sources */,
				6822C0822C75D342001C6172 /* Draw.swift in Sources */,
				6822C07E2C75D285001C6172 /* LotteryDrawsListView.swift in Sources */,
				6822C08B2C75D6FD001C6172 /* LotteryDraw.swift in Sources */,
				6822C0802C75D317001C6172 /* LotteryService.swift in Sources */,
				6822C0982C75E44B001C6172 /* LotteryDrawDetailView.swift in Sources */,
				6822C0892C75D540001C6172 /* LotteryDrawError.swift in Sources */,
				6822C0962C75DE90001C6172 /* Background.swift in Sources */,
			);
			runOnlyForDeploymentPostprocessing = 0;
		};
/* End PBXSourcesBuildPhase section */

/* Begin XCBuildConfiguration section */
		6822C06E2C75CEC8001C6172 /* Debug */ = {
			isa = XCBuildConfiguration;
			buildSettings = {
				ALWAYS_SEARCH_USER_PATHS = NO;
				ASSETCATALOG_COMPILER_GENERATE_SWIFT_ASSET_SYMBOL_EXTENSIONS = YES;
				CLANG_ANALYZER_NONNULL = YES;
				CLANG_ANALYZER_NUMBER_OBJECT_CONVERSION = YES_AGGRESSIVE;
				CLANG_CXX_LANGUAGE_STANDARD = "gnu++20";
				CLANG_ENABLE_MODULES = YES;
				CLANG_ENABLE_OBJC_ARC = YES;
				CLANG_ENABLE_OBJC_WEAK = YES;
				CLANG_WARN_BLOCK_CAPTURE_AUTORELEASING = YES;
				CLANG_WARN_BOOL_CONVERSION = YES;
				CLANG_WARN_COMMA = YES;
				CLANG_WARN_CONSTANT_CONVERSION = YES;
				CLANG_WARN_DEPRECATED_OBJC_IMPLEMENTATIONS = YES;
				CLANG_WARN_DIRECT_OBJC_ISA_USAGE = YES_ERROR;
				CLANG_WARN_DOCUMENTATION_COMMENTS = YES;
				CLANG_WARN_EMPTY_BODY = YES;
				CLANG_WARN_ENUM_CONVERSION = YES;
				CLANG_WARN_INFINITE_RECURSION = YES;
				CLANG_WARN_INT_CONVERSION = YES;
				CLANG_WARN_NON_LITERAL_NULL_CONVERSION = YES;
				CLANG_WARN_OBJC_IMPLICIT_RETAIN_SELF = YES;
				CLANG_WARN_OBJC_LITERAL_CONVERSION = YES;
				CLANG_WARN_OBJC_ROOT_CLASS = YES_ERROR;
				CLANG_WARN_QUOTED_INCLUDE_IN_FRAMEWORK_HEADER = YES;
				CLANG_WARN_RANGE_LOOP_ANALYSIS = YES;
				CLANG_WARN_STRICT_PROTOTYPES = YES;
				CLANG_WARN_SUSPICIOUS_MOVE = YES;
				CLANG_WARN_UNGUARDED_AVAILABILITY = YES_AGGRESSIVE;
				CLANG_WARN_UNREACHABLE_CODE = YES;
				CLANG_WARN__DUPLICATE_METHOD_MATCH = YES;
				COPY_PHASE_STRIP = NO;
				DEBUG_INFORMATION_FORMAT = dwarf;
				ENABLE_STRICT_OBJC_MSGSEND = YES;
				ENABLE_TESTABILITY = YES;
				ENABLE_USER_SCRIPT_SANDBOXING = YES;
				GCC_C_LANGUAGE_STANDARD = gnu17;
				GCC_DYNAMIC_NO_PIC = NO;
				GCC_NO_COMMON_BLOCKS = YES;
				GCC_OPTIMIZATION_LEVEL = 0;
				GCC_PREPROCESSOR_DEFINITIONS = (
					"DEBUG=1",
					"$(inherited)",
				);
				GCC_WARN_64_TO_32_BIT_CONVERSION = YES;
				GCC_WARN_ABOUT_RETURN_TYPE = YES_ERROR;
				GCC_WARN_UNDECLARED_SELECTOR = YES;
				GCC_WARN_UNINITIALIZED_AUTOS = YES_AGGRESSIVE;
				GCC_WARN_UNUSED_FUNCTION = YES;
				GCC_WARN_UNUSED_VARIABLE = YES;
				IPHONEOS_DEPLOYMENT_TARGET = 17.2;
				LOCALIZATION_PREFERS_STRING_CATALOGS = YES;
				MTL_ENABLE_DEBUG_INFO = INCLUDE_SOURCE;
				MTL_FAST_MATH = YES;
				ONLY_ACTIVE_ARCH = YES;
				SDKROOT = iphoneos;
				SWIFT_ACTIVE_COMPILATION_CONDITIONS = "DEBUG $(inherited)";
				SWIFT_OPTIMIZATION_LEVEL = "-Onone";
			};
			name = Debug;
		};
		6822C06F2C75CEC8001C6172 /* Release */ = {
			isa = XCBuildConfiguration;
			buildSettings = {
				ALWAYS_SEARCH_USER_PATHS = NO;
				ASSETCATALOG_COMPILER_GENERATE_SWIFT_ASSET_SYMBOL_EXTENSIONS = YES;
				CLANG_ANALYZER_NONNULL = YES;
				CLANG_ANALYZER_NUMBER_OBJECT_CONVERSION = YES_AGGRESSIVE;
				CLANG_CXX_LANGUAGE_STANDARD = "gnu++20";
				CLANG_ENABLE_MODULES = YES;
				CLANG_ENABLE_OBJC_ARC = YES;
				CLANG_ENABLE_OBJC_WEAK = YES;
				CLANG_WARN_BLOCK_CAPTURE_AUTORELEASING = YES;
				CLANG_WARN_BOOL_CONVERSION = YES;
				CLANG_WARN_COMMA = YES;
				CLANG_WARN_CONSTANT_CONVERSION = YES;
				CLANG_WARN_DEPRECATED_OBJC_IMPLEMENTATIONS = YES;
				CLANG_WARN_DIRECT_OBJC_ISA_USAGE = YES_ERROR;
				CLANG_WARN_DOCUMENTATION_COMMENTS = YES;
				CLANG_WARN_EMPTY_BODY = YES;
				CLANG_WARN_ENUM_CONVERSION = YES;
				CLANG_WARN_INFINITE_RECURSION = YES;
				CLANG_WARN_INT_CONVERSION = YES;
				CLANG_WARN_NON_LITERAL_NULL_CONVERSION = YES;
				CLANG_WARN_OBJC_IMPLICIT_RETAIN_SELF = YES;
				CLANG_WARN_OBJC_LITERAL_CONVERSION = YES;
				CLANG_WARN_OBJC_ROOT_CLASS = YES_ERROR;
				CLANG_WARN_QUOTED_INCLUDE_IN_FRAMEWORK_HEADER = YES;
				CLANG_WARN_RANGE_LOOP_ANALYSIS = YES;
				CLANG_WARN_STRICT_PROTOTYPES = YES;
				CLANG_WARN_SUSPICIOUS_MOVE = YES;
				CLANG_WARN_UNGUARDED_AVAILABILITY = YES_AGGRESSIVE;
				CLANG_WARN_UNREACHABLE_CODE = YES;
				CLANG_WARN__DUPLICATE_METHOD_MATCH = YES;
				COPY_PHASE_STRIP = NO;
				DEBUG_INFORMATION_FORMAT = "dwarf-with-dsym";
				ENABLE_NS_ASSERTIONS = NO;
				ENABLE_STRICT_OBJC_MSGSEND = YES;
				ENABLE_USER_SCRIPT_SANDBOXING = YES;
				GCC_C_LANGUAGE_STANDARD = gnu17;
				GCC_NO_COMMON_BLOCKS = YES;
				GCC_WARN_64_TO_32_BIT_CONVERSION = YES;
				GCC_WARN_ABOUT_RETURN_TYPE = YES_ERROR;
				GCC_WARN_UNDECLARED_SELECTOR = YES;
				GCC_WARN_UNINITIALIZED_AUTOS = YES_AGGRESSIVE;
				GCC_WARN_UNUSED_FUNCTION = YES;
				GCC_WARN_UNUSED_VARIABLE = YES;
				IPHONEOS_DEPLOYMENT_TARGET = 17.2;
				LOCALIZATION_PREFERS_STRING_CATALOGS = YES;
				MTL_ENABLE_DEBUG_INFO = NO;
				MTL_FAST_MATH = YES;
				SDKROOT = iphoneos;
				SWIFT_COMPILATION_MODE = wholemodule;
				VALIDATE_PRODUCT = YES;
			};
			name = Release;
		};
		6822C0712C75CEC8001C6172 /* Debug */ = {
			isa = XCBuildConfiguration;
			buildSettings = {
				ASSETCATALOG_COMPILER_APPICON_NAME = AppIcon;
				ASSETCATALOG_COMPILER_GLOBAL_ACCENT_COLOR_NAME = AccentColor;
				CODE_SIGN_STYLE = Automatic;
				CURRENT_PROJECT_VERSION = 1;
				DEVELOPMENT_ASSET_PATHS = "\"MkodoTechTest/Preview Content\"";
				DEVELOPMENT_TEAM = GB6CTV9S7J;
				ENABLE_PREVIEWS = YES;
				GENERATE_INFOPLIST_FILE = YES;
				INFOPLIST_KEY_UIApplicationSceneManifest_Generation = YES;
				INFOPLIST_KEY_UIApplicationSupportsIndirectInputEvents = YES;
				INFOPLIST_KEY_UILaunchScreen_Generation = YES;
				INFOPLIST_KEY_UISupportedInterfaceOrientations_iPad = "UIInterfaceOrientationPortrait UIInterfaceOrientationPortraitUpsideDown UIInterfaceOrientationLandscapeLeft UIInterfaceOrientationLandscapeRight";
				INFOPLIST_KEY_UISupportedInterfaceOrientations_iPhone = "UIInterfaceOrientationPortrait UIInterfaceOrientationLandscapeLeft UIInterfaceOrientationLandscapeRight";
				LD_RUNPATH_SEARCH_PATHS = (
					"$(inherited)",
					"@executable_path/Frameworks",
				);
				MARKETING_VERSION = 1.0;
				PRODUCT_BUNDLE_IDENTIFIER = com.BASHIRLLC.MkodoTechTest;
				PRODUCT_NAME = "$(TARGET_NAME)";
				SWIFT_EMIT_LOC_STRINGS = YES;
				SWIFT_VERSION = 5.0;
				TARGETED_DEVICE_FAMILY = "1,2";
			};
			name = Debug;
		};
		6822C0722C75CEC8001C6172 /* Release */ = {
			isa = XCBuildConfiguration;
			buildSettings = {
				ASSETCATALOG_COMPILER_APPICON_NAME = AppIcon;
				ASSETCATALOG_COMPILER_GLOBAL_ACCENT_COLOR_NAME = AccentColor;
				CODE_SIGN_STYLE = Automatic;
				CURRENT_PROJECT_VERSION = 1;
				DEVELOPMENT_ASSET_PATHS = "\"MkodoTechTest/Preview Content\"";
				DEVELOPMENT_TEAM = GB6CTV9S7J;
				ENABLE_PREVIEWS = YES;
				GENERATE_INFOPLIST_FILE = YES;
				INFOPLIST_KEY_UIApplicationSceneManifest_Generation = YES;
				INFOPLIST_KEY_UIApplicationSupportsIndirectInputEvents = YES;
				INFOPLIST_KEY_UILaunchScreen_Generation = YES;
				INFOPLIST_KEY_UISupportedInterfaceOrientations_iPad = "UIInterfaceOrientationPortrait UIInterfaceOrientationPortraitUpsideDown UIInterfaceOrientationLandscapeLeft UIInterfaceOrientationLandscapeRight";
				INFOPLIST_KEY_UISupportedInterfaceOrientations_iPhone = "UIInterfaceOrientationPortrait UIInterfaceOrientationLandscapeLeft UIInterfaceOrientationLandscapeRight";
				LD_RUNPATH_SEARCH_PATHS = (
					"$(inherited)",
					"@executable_path/Frameworks",
				);
				MARKETING_VERSION = 1.0;
				PRODUCT_BUNDLE_IDENTIFIER = com.BASHIRLLC.MkodoTechTest;
				PRODUCT_NAME = "$(TARGET_NAME)";
				SWIFT_EMIT_LOC_STRINGS = YES;
				SWIFT_VERSION = 5.0;
				TARGETED_DEVICE_FAMILY = "1,2";
			};
			name = Release;
		};
/* End XCBuildConfiguration section */

/* Begin XCConfigurationList section */
		6822C05D2C75CEC6001C6172 /* Build configuration list for PBXProject "MkodoTechTest" */ = {
			isa = XCConfigurationList;
			buildConfigurations = (
				6822C06E2C75CEC8001C6172 /* Debug */,
				6822C06F2C75CEC8001C6172 /* Release */,
			);
			defaultConfigurationIsVisible = 0;
			defaultConfigurationName = Release;
		};
		6822C0702C75CEC8001C6172 /* Build configuration list for PBXNativeTarget "MkodoTechTest" */ = {
			isa = XCConfigurationList;
			buildConfigurations = (
				6822C0712C75CEC8001C6172 /* Debug */,
				6822C0722C75CEC8001C6172 /* Release */,
			);
			defaultConfigurationIsVisible = 0;
			defaultConfigurationName = Release;
		};
/* End XCConfigurationList section */
	};
	rootObject = 6822C05A2C75CEC6001C6172 /* Project object */;
}
